
Microsoft Visual Studio Solution File, Format Version 12.00
# Visual Studio 15
VisualStudioVersion = 15.0.27703.2035
MinimumVisualStudioVersion = 10.0.40219.1
Project("{9A19103F-16F7-4668-BE54-9A1E7A4F7556}") = "WebApplication3", "WebApplication3.csproj", "{B54182BA-ACE8-4D6F-931C-C417A97CCA5B}"
EndProject
Global
	GlobalSection(SolutionConfigurationPlatforms) = preSolution
		Debug|Any CPU = Debug|Any CPU
		Release|Any CPU = Release|Any CPU
	EndGlobalSection
	GlobalSection(ProjectConfigurationPlatforms) = postSolution
		{B54182BA-ACE8-4D6F-931C-C417A97CCA5B}.Debug|Any CPU.ActiveCfg = Debug|Any CPU
		{B54182BA-ACE8-4D6F-931C-C417A97CCA5B}.Debug|Any CPU.Build.0 = Debug|Any CPU
		{B54182BA-ACE8-4D6F-931C-C417A97CCA5B}.Release|Any CPU.ActiveCfg = Release|Any CPU
		{B54182BA-ACE8-4D6F-931C-C417A97CCA5B}.Release|Any CPU.Build.0 = Release|Any CPU
	EndGlobalSection
	GlobalSection(SolutionProperties) = preSolution
		HideSolutionNode = FALSE
	EndGlobalSection
	GlobalSection(ExtensibilityGlobals) = postSolution
		SolutionGuid = {59A5813D-11FC-4E2C-9EED-45BE91601183}
	EndGlobalSection
EndGlobal
